{
  "name": "@farmarcas/ngx-perfect-scrollbar",
  "version": "10.1.0",
  "lockfileVersion": 1,
  "requires": true,
  "dependencies": {
    "@farmarcas/perfect-scrollbar": {
      "version": "1.5.2",
      "resolved": "https://farmarcas-radar-811564966380.d.codeartifact.us-east-2.amazonaws.com:443/npm/npm-store/@farmarcas/perfect-scrollbar/-/perfect-scrollbar-1.5.2.tgz",
      "integrity": "sha512-W23v0Gv/95OCp4p8MFqtYFyk0pxLjSLKreWuDhJ5hMF8NBbokWWtRR1rYAhIB6SU1hXh0Ayj+JHkfgX7p8o2DA=="
    },
    "resize-observer-polyfill": {
      "version": "1.5.1",
      "resolved": "https://farmarcas-radar-811564966380.d.codeartifact.us-east-2.amazonaws.com:443/npm/npm-store/resize-observer-polyfill/-/resize-observer-polyfill-1.5.1.tgz",
      "integrity": "sha512-LwZrotdHOo12nQuZlHEmtuXdqGoOD0OhaxopaNFxWzInpEgaLWoVuAMbTzixuosCx2nEG58ngzW3vxdWoxIgdg=="
    }
  }
}
